// !$*UTF8*$!
{
	archiveVersion = 1;
	classes = {
	};
	objectVersion = 56;
	objects = {

/* Begin PBXBuildFile section */
		FEC73D282BCB00C300CDA767 /* SwiftUi_DemoApp.swift in Sources */ = {isa = PBXBuildFile; fileRef = FEC73D272BCB00C300CDA767 /* SwiftUi_DemoApp.swift */; };
		FEC73D2A2BCB00C300CDA767 /* ContentView.swift in Sources */ = {isa = PBXBuildFile; fileRef = FEC73D292BCB00C300CDA767 /* ContentView.swift */; };
		FEC73D2C2BCB00CC00CDA767 /* Assets.xcassets in Resources */ = {isa = PBXBuildFile; fileRef = FEC73D2B2BCB00CC00CDA767 /* Assets.xcassets */; };
		FEC73D2F2BCB00CC00CDA767 /* Preview Assets.xcassets in Resources */ = {isa = PBXBuildFile; fileRef = FEC73D2E2BCB00CC00CDA767 /* Preview Assets.xcassets */; };
		FEC73D392BCB00CC00CDA767 /* SwiftUi_DemoTests.swift in Sources */ = {isa = PBXBuildFile; fileRef = FEC73D382BCB00CC00CDA767 /* SwiftUi_DemoTests.swift */; };
		FEC73D432BCB00CC00CDA767 /* SwiftUi_DemoUITests.swift in Sources */ = {isa = PBXBuildFile; fileRef = FEC73D422BCB00CC00CDA767 /* SwiftUi_DemoUITests.swift */; };
		FEC73D452BCB00CC00CDA767 /* SwiftUi_DemoUITestsLaunchTests.swift in Sources */ = {isa = PBXBuildFile; fileRef = FEC73D442BCB00CC00CDA767 /* SwiftUi_DemoUITestsLaunchTests.swift */; };
/* End PBXBuildFile section */

/* Begin PBXContainerItemProxy section */
		FEC73D352BCB00CC00CDA767 /* PBXContainerItemProxy */ = {
			isa = PBXContainerItemProxy;
			containerPortal = FEC73D1C2BCB00C300CDA767 /* Project object */;
			proxyType = 1;
			remoteGlobalIDString = FEC73D232BCB00C300CDA767;
			remoteInfo = "SwiftUi Demo";
		};
		FEC73D3F2BCB00CC00CDA767 /* PBXContainerItemProxy */ = {
			isa = PBXContainerItemProxy;
			containerPortal = FEC73D1C2BCB00C300CDA767 /* Project object */;
			proxyType = 1;
			remoteGlobalIDString = FEC73D232BCB00C300CDA767;
			remoteInfo = "SwiftUi Demo";
		};
/* End PBXContainerItemProxy section */

/* Begin PBXFileReference section */
		FEC73D242BCB00C300CDA767 /* SwiftUi Demo.app */ = {isa = PBXFileReference; explicitFileType = wrapper.application; includeInIndex = 0; path = "SwiftUi Demo.app"; sourceTree = BUILT_PRODUCTS_DIR; };
		FEC73D272BCB00C300CDA767 /* SwiftUi_DemoApp.swift */ = {isa = PBXFileReference; lastKnownFileType = sourcecode.swift; path = SwiftUi_DemoApp.swift; sourceTree = "<group>"; };
		FEC73D292BCB00C300CDA767 /* ContentView.swift */ = {isa = PBXFileReference; lastKnownFileType = sourcecode.swift; path = ContentView.swift; sourceTree = "<group>"; };
		FEC73D2B2BCB00CC00CDA767 /* Assets.xcassets */ = {isa = PBXFileReference; lastKnownFileType = folder.assetcatalog; path = Assets.xcassets; sourceTree = "<group>"; };
		FEC73D2E2BCB00CC00CDA767 /* Preview Assets.xcassets */ = {isa = PBXFileReference; lastKnownFileType = folder.assetcatalog; path = "Preview Assets.xcassets"; sourceTree = "<group>"; };
		FEC73D342BCB00CC00CDA767 /* SwiftUi DemoTests.xctest */ = {isa = PBXFileReference; explicitFileType = wrapper.cfbundle; includeInIndex = 0; path = "SwiftUi DemoTests.xctest"; sourceTree = BUILT_PRODUCTS_DIR; };
		FEC73D382BCB00CC00CDA767 /* SwiftUi_DemoTests.swift */ = {isa = PBXFileReference; lastKnownFileType = sourcecode.swift; path = SwiftUi_DemoTests.swift; sourceTree = "<group>"; };
		FEC73D3E2BCB00CC00CDA767 /* SwiftUi DemoUITests.xctest */ = {isa = PBXFileReference; explicitFileType = wrapper.cfbundle; includeInIndex = 0; path = "SwiftUi DemoUITests.xctest"; sourceTree = BUILT_PRODUCTS_DIR; };
		FEC73D422BCB00CC00CDA767 /* SwiftUi_DemoUITests.swift */ = {isa = PBXFileReference; lastKnownFileType = sourcecode.swift; path = SwiftUi_DemoUITests.swift; sourceTree = "<group>"; };
		FEC73D442BCB00CC00CDA767 /* SwiftUi_DemoUITestsLaunchTests.swift */ = {isa = PBXFileReference; lastKnownFileType = sourcecode.swift; path = SwiftUi_DemoUITestsLaunchTests.swift; sourceTree = "<group>"; };
/* End PBXFileReference section */

/* Begin PBXFrameworksBuildPhase section */
		FEC73D212BCB00C300CDA767 /* Frameworks */ = {
			isa = PBXFrameworksBuildPhase;
			buildActionMask = 2147483647;
			files = (
			);
			runOnlyForDeploymentPostprocessing = 0;
		};
		FEC73D312BCB00CC00CDA767 /* Frameworks */ = {
			isa = PBXFrameworksBuildPhase;
			buildActionMask = 2147483647;
			files = (
			);
			runOnlyForDeploymentPostprocessing = 0;
		};
		FEC73D3B2BCB00CC00CDA767 /* Frameworks */ = {
			isa = PBXFrameworksBuildPhase;
			buildActionMask = 2147483647;
			files = (
			);
			runOnlyForDeploymentPostprocessing = 0;
		};
/* End PBXFrameworksBuildPhase section */

/* Begin PBXGroup section */
		FEC73D1B2BCB00C300CDA767 = {
			isa = PBXGroup;
			children = (
				FEC73D262BCB00C300CDA767 /* SwiftUi Demo */,
				FEC73D372BCB00CC00CDA767 /* SwiftUi DemoTests */,
				FEC73D412BCB00CC00CDA767 /* SwiftUi DemoUITests */,
				FEC73D252BCB00C300CDA767 /* Products */,
			);
			sourceTree = "<group>";
		};
		FEC73D252BCB00C300CDA767 /* Products */ = {
			isa = PBXGroup;
			children = (
				FEC73D242BCB00C300CDA767 /* SwiftUi Demo.app */,
				FEC73D342BCB00CC00CDA767 /* SwiftUi DemoTests.xctest */,
				FEC73D3E2BCB00CC00CDA767 /* SwiftUi DemoUITests.xctest */,
			);
			name = Products;
			sourceTree = "<group>";
		};
		FEC73D262BCB00C300CDA767 /* SwiftUi Demo */ = {
			isa = PBXGroup;
			children = (
				FEC73D272BCB00C300CDA767 /* SwiftUi_DemoApp.swift */,
				FEC73D292BCB00C300CDA767 /* ContentView.swift */,
				FEC73D2B2BCB00CC00CDA767 /* Assets.xcassets */,
				FEC73D2D2BCB00CC00CDA767 /* Preview Content */,
			);
			path = "SwiftUi Demo";
			sourceTree = "<group>";
		};
		FEC73D2D2BCB00CC00CDA767 /* Preview Content */ = {
			isa = PBXGroup;
			children = (
				FEC73D2E2BCB00CC00CDA767 /* Preview Assets.xcassets */,
			);
			path = "Preview Content";
			sourceTree = "<group>";
		};
		FEC73D372BCB00CC00CDA767 /* SwiftUi DemoTests */ = {
			isa = PBXGroup;
			children = (
				FEC73D382BCB00CC00CDA767 /* SwiftUi_DemoTests.swift */,
			);
			path = "SwiftUi DemoTests";
			sourceTree = "<group>";
		};
		FEC73D412BCB00CC00CDA767 /* SwiftUi DemoUITests */ = {
			isa = PBXGroup;
			children = (
				FEC73D422BCB00CC00CDA767 /* SwiftUi_DemoUITests.swift */,
				FEC73D442BCB00CC00CDA767 /* SwiftUi_DemoUITestsLaunchTests.swift */,
			);
			path = "SwiftUi DemoUITests";
			sourceTree = "<group>";
		};
/* End PBXGroup section */

/* Begin PBXNativeTarget section */
		FEC73D232BCB00C300CDA767 /* SwiftUi Demo */ = {
			isa = PBXNativeTarget;
			buildConfigurationList = FEC73D482BCB00CC00CDA767 /* Build configuration list for PBXNativeTarget "SwiftUi Demo" */;
			buildPhases = (
				FEC73D202BCB00C300CDA767 /* Sources */,
				FEC73D212BCB00C300CDA767 /* Frameworks */,
				FEC73D222BCB00C300CDA767 /* Resources */,
			);
			buildRules = (
			);
			dependencies = (
			);
			name = "SwiftUi Demo";
			productName = "SwiftUi Demo";
			productReference = FEC73D242BCB00C300CDA767 /* SwiftUi Demo.app */;
			productType = "com.apple.product-type.application";
		};
		FEC73D332BCB00CC00CDA767 /* SwiftUi DemoTests */ = {
			isa = PBXNativeTarget;
			buildConfigurationList = FEC73D4B2BCB00CC00CDA767 /* Build configuration list for PBXNativeTarget "SwiftUi DemoTests" */;
			buildPhases = (
				FEC73D302BCB00CC00CDA767 /* Sources */,
				FEC73D312BCB00CC00CDA767 /* Frameworks */,
				FEC73D322BCB00CC00CDA767 /* Resources */,
			);
			buildRules = (
			);
			dependencies = (
				FEC73D362BCB00CC00CDA767 /* PBXTargetDependency */,
			);
			name = "SwiftUi DemoTests";
			productName = "SwiftUi DemoTests";
			productReference = FEC73D342BCB00CC00CDA767 /* SwiftUi DemoTests.xctest */;
			productType = "com.apple.product-type.bundle.unit-test";
		};
		FEC73D3D2BCB00CC00CDA767 /* SwiftUi DemoUITests */ = {
			isa = PBXNativeTarget;
			buildConfigurationList = FEC73D4E2BCB00CC00CDA767 /* Build configuration list for PBXNativeTarget "SwiftUi DemoUITests" */;
			buildPhases = (
				FEC73D3A2BCB00CC00CDA767 /* Sources */,
				FEC73D3B2BCB00CC00CDA767 /* Frameworks */,
				FEC73D3C2BCB00CC00CDA767 /* Resources */,
			);
			buildRules = (
			);
			dependencies = (
				FEC73D402BCB00CC00CDA767 /* PBXTargetDependency */,
			);
			name = "SwiftUi DemoUITests";
			productName = "SwiftUi DemoUITests";
			productReference = FEC73D3E2BCB00CC00CDA767 /* SwiftUi DemoUITests.xctest */;
			productType = "com.apple.product-type.bundle.ui-testing";
		};
/* End PBXNativeTarget section */

/* Begin PBXProject section */
		FEC73D1C2BCB00C300CDA767 /* Project object */ = {
			isa = PBXProject;
			attributes = {
				BuildIndependentTargetsInParallel = 1;
				LastSwiftUpdateCheck = 1430;
				LastUpgradeCheck = 1430;
				TargetAttributes = {
					FEC73D232BCB00C300CDA767 = {
						CreatedOnToolsVersion = 14.3;
					};
					FEC73D332BCB00CC00CDA767 = {
						CreatedOnToolsVersion = 14.3;
						TestTargetID = FEC73D232BCB00C300CDA767;
					};
					FEC73D3D2BCB00CC00CDA767 = {
						CreatedOnToolsVersion = 14.3;
						TestTargetID = FEC73D232BCB00C300CDA767;
					};
				};
			};
			buildConfigurationList = FEC73D1F2BCB00C300CDA767 /* Build configuration list for PBXProject "SwiftUi Demo" */;
			compatibilityVersion = "Xcode 14.0";
			developmentRegion = en;
			hasScannedForEncodings = 0;
			knownRegions = (
				en,
				Base,
			);
			mainGroup = FEC73D1B2BCB00C300CDA767;
			productRefGroup = FEC73D252BCB00C300CDA767 /* Products */;
			projectDirPath = "";
			projectRoot = "";
			targets = (
				FEC73D232BCB00C300CDA767 /* SwiftUi Demo */,
				FEC73D332BCB00CC00CDA767 /* SwiftUi DemoTests */,
				FEC73D3D2BCB00CC00CDA767 /* SwiftUi DemoUITests */,
			);
		};
/* End PBXProject section */

/* Begin PBXResourcesBuildPhase section */
		FEC73D222BCB00C300CDA767 /* Resources */ = {
			isa = PBXResourcesBuildPhase;
			buildActionMask = 2147483647;
			files = (
				FEC73D2F2BCB00CC00CDA767 /* Preview Assets.xcassets in Resources */,
				FEC73D2C2BCB00CC00CDA767 /* Assets.xcassets in Resources */,
			);
			runOnlyForDeploymentPostprocessing = 0;
		};
		FEC73D322BCB00CC00CDA767 /* Resources */ = {
			isa = PBXResourcesBuildPhase;
			buildActionMask = 2147483647;
			files = (
			);
			runOnlyForDeploymentPostprocessing = 0;
		};
		FEC73D3C2BCB00CC00CDA767 /* Resources */ = {
			isa = PBXResourcesBuildPhase;
			buildActionMask = 2147483647;
			files = (
			);
			runOnlyForDeploymentPostprocessing = 0;
		};
/* End PBXResourcesBuildPhase section */

/* Begin PBXSourcesBuildPhase section */
		FEC73D202BCB00C300CDA767 /* Sources */ = {
			isa = PBXSourcesBuildPhase;
			buildActionMask = 2147483647;
			files = (
				FEC73D2A2BCB00C300CDA767 /* ContentView.swift in Sources */,
				FEC73D282BCB00C300CDA767 /* SwiftUi_DemoApp.swift in Sources */,
			);
			runOnlyForDeploymentPostprocessing = 0;
		};
		FEC73D302BCB00CC00CDA767 /* Sources */ = {
			isa = PBXSourcesBuildPhase;
			buildActionMask = 2147483647;
			files = (
				FEC73D392BCB00CC00CDA767 /* SwiftUi_DemoTests.swift in Sources */,
			);
			runOnlyForDeploymentPostprocessing = 0;
		};
		FEC73D3A2BCB00CC00CDA767 /* Sources */ = {
			isa = PBXSourcesBuildPhase;
			buildActionMask = 2147483647;
			files = (
				FEC73D432BCB00CC00CDA767 /* SwiftUi_DemoUITests.swift in Sources */,
				FEC73D452BCB00CC00CDA767 /* SwiftUi_DemoUITestsLaunchTests.swift in Sources */,
			);
			runOnlyForDeploymentPostprocessing = 0;
		};
/* End PBXSourcesBuildPhase section */

/* Begin PBXTargetDependency section */
		FEC73D362BCB00CC00CDA767 /* PBXTargetDependency */ = {
			isa = PBXTargetDependency;
			target = FEC73D232BCB00C300CDA767 /* SwiftUi Demo */;
			targetProxy = FEC73D352BCB00CC00CDA767 /* PBXContainerItemProxy */;
		};
		FEC73D402BCB00CC00CDA767 /* PBXTargetDependency */ = {
			isa = PBXTargetDependency;
			target = FEC73D232BCB00C300CDA767 /* SwiftUi Demo */;
			targetProxy = FEC73D3F2BCB00CC00CDA767 /* PBXContainerItemProxy */;
		};
/* End PBXTargetDependency section */

/* Begin XCBuildConfiguration section */
		FEC73D462BCB00CC00CDA767 /* Debug */ = {
			isa = XCBuildConfiguration;
			buildSettings = {
				ALWAYS_SEARCH_USER_PATHS = NO;
				CLANG_ANALYZER_NONNULL = YES;
				CLANG_ANALYZER_NUMBER_OBJECT_CONVERSION = YES_AGGRESSIVE;
				CLANG_CXX_LANGUAGE_STANDARD = "gnu++20";
				CLANG_ENABLE_MODULES = YES;
				CLANG_ENABLE_OBJC_ARC = YES;
				CLANG_ENABLE_OBJC_WEAK = YES;
				CLANG_WARN_BLOCK_CAPTURE_AUTORELEASING = YES;
				CLANG_WARN_BOOL_CONVERSION = YES;
				CLANG_WARN_COMMA = YES;
				CLANG_WARN_CONSTANT_CONVERSION = YES;
				CLANG_WARN_DEPRECATED_OBJC_IMPLEMENTATIONS = YES;
				CLANG_WARN_DIRECT_OBJC_ISA_USAGE = YES_ERROR;
				CLANG_WARN_DOCUMENTATION_COMMENTS = YES;
				CLANG_WARN_EMPTY_BODY = YES;
				CLANG_WARN_ENUM_CONVERSION = YES;
				CLANG_WARN_INFINITE_RECURSION = YES;
				CLANG_WARN_INT_CONVERSION = YES;
				CLANG_WARN_NON_LITERAL_NULL_CONVERSION = YES;
				CLANG_WARN_OBJC_IMPLICIT_RETAIN_SELF = YES;
				CLANG_WARN_OBJC_LITERAL_CONVERSION = YES;
				CLANG_WARN_OBJC_ROOT_CLASS = YES_ERROR;
				CLANG_WARN_QUOTED_INCLUDE_IN_FRAMEWORK_HEADER = YES;
				CLANG_WARN_RANGE_LOOP_ANALYSIS = YES;
				CLANG_WARN_STRICT_PROTOTYPES = YES;
				CLANG_WARN_SUSPICIOUS_MOVE = YES;
				CLANG_WARN_UNGUARDED_AVAILABILITY = YES_AGGRESSIVE;
				CLANG_WARN_UNREACHABLE_CODE = YES;
				CLANG_WARN__DUPLICATE_METHOD_MATCH = YES;
				COPY_PHASE_STRIP = NO;
				DEBUG_INFORMATION_FORMAT = dwarf;
				ENABLE_STRICT_OBJC_MSGSEND = YES;
				ENABLE_TESTABILITY = YES;
				GCC_C_LANGUAGE_STANDARD = gnu11;
				GCC_DYNAMIC_NO_PIC = NO;
				GCC_NO_COMMON_BLOCKS = YES;
				GCC_OPTIMIZATION_LEVEL = 0;
				GCC_PREPROCESSOR_DEFINITIONS = (
					"DEBUG=1",
					"$(inherited)",
				);
				GCC_WARN_64_TO_32_BIT_CONVERSION = YES;
				GCC_WARN_ABOUT_RETURN_TYPE = YES_ERROR;
				GCC_WARN_UNDECLARED_SELECTOR = YES;
				GCC_WARN_UNINITIALIZED_AUTOS = YES_AGGRESSIVE;
				GCC_WARN_UNUSED_FUNCTION = YES;
				GCC_WARN_UNUSED_VARIABLE = YES;
				IPHONEOS_DEPLOYMENT_TARGET = 16.4;
				MTL_ENABLE_DEBUG_INFO = INCLUDE_SOURCE;
				MTL_FAST_MATH = YES;
				ONLY_ACTIVE_ARCH = YES;
				SDKROOT = iphoneos;
				SWIFT_ACTIVE_COMPILATION_CONDITIONS = DEBUG;
				SWIFT_OPTIMIZATION_LEVEL = "-Onone";
			};
			name = Debug;
		};
		FEC73D472BCB00CC00CDA767 /* Release */ = {
			isa = XCBuildConfiguration;
			buildSettings = {
				ALWAYS_SEARCH_USER_PATHS = NO;
				CLANG_ANALYZER_NONNULL = YES;
				CLANG_ANALYZER_NUMBER_OBJECT_CONVERSION = YES_AGGRESSIVE;
				CLANG_CXX_LANGUAGE_STANDARD = "gnu++20";
				CLANG_ENABLE_MODULES = YES;
				CLANG_ENABLE_OBJC_ARC = YES;
				CLANG_ENABLE_OBJC_WEAK = YES;
				CLANG_WARN_BLOCK_CAPTURE_AUTORELEASING = YES;
				CLANG_WARN_BOOL_CONVERSION = YES;
				CLANG_WARN_COMMA = YES;
				CLANG_WARN_CONSTANT_CONVERSION = YES;
				CLANG_WARN_DEPRECATED_OBJC_IMPLEMENTATIONS = YES;
				CLANG_WARN_DIRECT_OBJC_ISA_USAGE = YES_ERROR;
				CLANG_WARN_DOCUMENTATION_COMMENTS = YES;
				CLANG_WARN_EMPTY_BODY = YES;
				CLANG_WARN_ENUM_CONVERSION = YES;
				CLANG_WARN_INFINITE_RECURSION = YES;
				CLANG_WARN_INT_CONVERSION = YES;
				CLANG_WARN_NON_LITERAL_NULL_CONVERSION = YES;
				CLANG_WARN_OBJC_IMPLICIT_RETAIN_SELF = YES;
				CLANG_WARN_OBJC_LITERAL_CONVERSION = YES;
				CLANG_WARN_OBJC_ROOT_CLASS = YES_ERROR;
				CLANG_WARN_QUOTED_INCLUDE_IN_FRAMEWORK_HEADER = YES;
				CLANG_WARN_RANGE_LOOP_ANALYSIS = YES;
				CLANG_WARN_STRICT_PROTOTYPES = YES;
				CLANG_WARN_SUSPICIOUS_MOVE = YES;
				CLANG_WARN_UNGUARDED_AVAILABILITY = YES_AGGRESSIVE;
				CLANG_WARN_UNREACHABLE_CODE = YES;
				CLANG_WARN__DUPLICATE_METHOD_MATCH = YES;
				COPY_PHASE_STRIP = NO;
				DEBUG_INFORMATION_FORMAT = "dwarf-with-dsym";
				ENABLE_NS_ASSERTIONS = NO;
				ENABLE_STRICT_OBJC_MSGSEND = YES;
				GCC_C_LANGUAGE_STANDARD = gnu11;
				GCC_NO_COMMON_BLOCKS = YES;
				GCC_WARN_64_TO_32_BIT_CONVERSION = YES;
				GCC_WARN_ABOUT_RETURN_TYPE = YES_ERROR;
				GCC_WARN_UNDECLARED_SELECTOR = YES;
				GCC_WARN_UNINITIALIZED_AUTOS = YES_AGGRESSIVE;
				GCC_WARN_UNUSED_FUNCTION = YES;
				GCC_WARN_UNUSED_VARIABLE = YES;
				IPHONEOS_DEPLOYMENT_TARGET = 16.4;
				MTL_ENABLE_DEBUG_INFO = NO;
				MTL_FAST_MATH = YES;
				SDKROOT = iphoneos;
				SWIFT_COMPILATION_MODE = wholemodule;
				SWIFT_OPTIMIZATION_LEVEL = "-O";
				VALIDATE_PRODUCT = YES;
			};
			name = Release;
		};
		FEC73D492BCB00CC00CDA767 /* Debug */ = {
			isa = XCBuildConfiguration;
			buildSettings = {
				ASSETCATALOG_COMPILER_APPICON_NAME = AppIcon;
				ASSETCATALOG_COMPILER_GLOBAL_ACCENT_COLOR_NAME = AccentColor;
				CODE_SIGN_STYLE = Automatic;
				CURRENT_PROJECT_VERSION = 1;
				DEVELOPMENT_ASSET_PATHS = "\"SwiftUi Demo/Preview Content\"";
				DEVELOPMENT_TEAM = 458HW47HMZ;
				ENABLE_PREVIEWS = YES;
				GENERATE_INFOPLIST_FILE = YES;
				INFOPLIST_KEY_UIApplicationSceneManifest_Generation = YES;
				INFOPLIST_KEY_UIApplicationSupportsIndirectInputEvents = YES;
				INFOPLIST_KEY_UILaunchScreen_Generation = YES;
				INFOPLIST_KEY_UISupportedInterfaceOrientations_iPad = "UIInterfaceOrientationPortrait UIInterfaceOrientationPortraitUpsideDown UIInterfaceOrientationLandscapeLeft UIInterfaceOrientationLandscapeRight";
				INFOPLIST_KEY_UISupportedInterfaceOrientations_iPhone = "UIInterfaceOrientationPortrait UIInterfaceOrientationLandscapeLeft UIInterfaceOrientationLandscapeRight";
				LD_RUNPATH_SEARCH_PATHS = (
					"$(inherited)",
					"@executable_path/Frameworks",
				);
				MARKETING_VERSION = 1.0;
				PRODUCT_BUNDLE_IDENTIFIER = "com.test.SwiftUi-Demo";
				PRODUCT_NAME = "$(TARGET_NAME)";
				SWIFT_EMIT_LOC_STRINGS = YES;
				SWIFT_VERSION = 5.0;
				TARGETED_DEVICE_FAMILY = "1,2";
			};
			name = Debug;
		};
		FEC73D4A2BCB00CC00CDA767 /* Release */ = {
			isa = XCBuildConfiguration;
			buildSettings = {
				ASSETCATALOG_COMPILER_APPICON_NAME = AppIcon;
				ASSETCATALOG_COMPILER_GLOBAL_ACCENT_COLOR_NAME = AccentColor;
				CODE_SIGN_STYLE = Automatic;
				CURRENT_PROJECT_VERSION = 1;
				DEVELOPMENT_ASSET_PATHS = "\"SwiftUi Demo/Preview Content\"";
				DEVELOPMENT_TEAM = 458HW47HMZ;
				ENABLE_PREVIEWS = YES;
				GENERATE_INFOPLIST_FILE = YES;
				INFOPLIST_KEY_UIApplicationSceneManifest_Generation = YES;
				INFOPLIST_KEY_UIApplicationSupportsIndirectInputEvents = YES;
				INFOPLIST_KEY_UILaunchScreen_Generation = YES;
				INFOPLIST_KEY_UISupportedInterfaceOrientations_iPad = "UIInterfaceOrientationPortrait UIInterfaceOrientationPortraitUpsideDown UIInterfaceOrientationLandscapeLeft UIInterfaceOrientationLandscapeRight";
				INFOPLIST_KEY_UISupportedInterfaceOrientations_iPhone = "UIInterfaceOrientationPortrait UIInterfaceOrientationLandscapeLeft UIInterfaceOrientationLandscapeRight";
				LD_RUNPATH_SEARCH_PATHS = (
					"$(inherited)",
					"@executable_path/Frameworks",
				);
				MARKETING_VERSION = 1.0;
				PRODUCT_BUNDLE_IDENTIFIER = "com.test.SwiftUi-Demo";
				PRODUCT_NAME = "$(TARGET_NAME)";
				SWIFT_EMIT_LOC_STRINGS = YES;
				SWIFT_VERSION = 5.0;
				TARGETED_DEVICE_FAMILY = "1,2";
			};
			name = Release;
		};
		FEC73D4C2BCB00CC00CDA767 /* Debug */ = {
			isa = XCBuildConfiguration;
			buildSettings = {
				ALWAYS_EMBED_SWIFT_STANDARD_LIBRARIES = YES;
				BUNDLE_LOADER = "$(TEST_HOST)";
				CODE_SIGN_STYLE = Automatic;
				CURRENT_PROJECT_VERSION = 1;
				DEVELOPMENT_TEAM = 458HW47HMZ;
				GENERATE_INFOPLIST_FILE = YES;
				IPHONEOS_DEPLOYMENT_TARGET = 16.4;
				MARKETING_VERSION = 1.0;
				PRODUCT_BUNDLE_IDENTIFIER = "com.test.SwiftUi-DemoTests";
				PRODUCT_NAME = "$(TARGET_NAME)";
				SWIFT_EMIT_LOC_STRINGS = NO;
				SWIFT_VERSION = 5.0;
				TARGETED_DEVICE_FAMILY = "1,2";
				TEST_HOST = "$(BUILT_PRODUCTS_DIR)/SwiftUi Demo.app/$(BUNDLE_EXECUTABLE_FOLDER_PATH)/SwiftUi Demo";
			};
			name = Debug;
		};
		FEC73D4D2BCB00CC00CDA767 /* Release */ = {
			isa = XCBuildConfiguration;
			buildSettings = {
				ALWAYS_EMBED_SWIFT_STANDARD_LIBRARIES = YES;
				BUNDLE_LOADER = "$(TEST_HOST)";
				CODE_SIGN_STYLE = Automatic;
				CURRENT_PROJECT_VERSION = 1;
				DEVELOPMENT_TEAM = 458HW47HMZ;
				GENERATE_INFOPLIST_FILE = YES;
				IPHONEOS_DEPLOYMENT_TARGET = 16.4;
				MARKETING_VERSION = 1.0;
				PRODUCT_BUNDLE_IDENTIFIER = "com.test.SwiftUi-DemoTests";
				PRODUCT_NAME = "$(TARGET_NAME)";
				SWIFT_EMIT_LOC_STRINGS = NO;
				SWIFT_VERSION = 5.0;
				TARGETED_DEVICE_FAMILY = "1,2";
				TEST_HOST = "$(BUILT_PRODUCTS_DIR)/SwiftUi Demo.app/$(BUNDLE_EXECUTABLE_FOLDER_PATH)/SwiftUi Demo";
			};
			name = Release;
		};
		FEC73D4F2BCB00CC00CDA767 /* Debug */ = {
			isa = XCBuildConfiguration;
			buildSettings = {
				ALWAYS_EMBED_SWIFT_STANDARD_LIBRARIES = YES;
				CODE_SIGN_STYLE = Automatic;
				CURRENT_PROJECT_VERSION = 1;
				DEVELOPMENT_TEAM = 458HW47HMZ;
				GENERATE_INFOPLIST_FILE = YES;
				MARKETING_VERSION = 1.0;
				PRODUCT_BUNDLE_IDENTIFIER = "com.test.SwiftUi-DemoUITests";
				PRODUCT_NAME = "$(TARGET_NAME)";
				SWIFT_EMIT_LOC_STRINGS = NO;
				SWIFT_VERSION = 5.0;
				TARGETED_DEVICE_FAMILY = "1,2";
				TEST_TARGET_NAME = "SwiftUi Demo";
			};
			name = Debug;
		};
		FEC73D502BCB00CC00CDA767 /* Release */ = {
			isa = XCBuildConfiguration;
			buildSettings = {
				ALWAYS_EMBED_SWIFT_STANDARD_LIBRARIES = YES;
				CODE_SIGN_STYLE = Automatic;
				CURRENT_PROJECT_VERSION = 1;
				DEVELOPMENT_TEAM = 458HW47HMZ;
				GENERATE_INFOPLIST_FILE = YES;
				MARKETING_VERSION = 1.0;
				PRODUCT_BUNDLE_IDENTIFIER = "com.test.SwiftUi-DemoUITests";
				PRODUCT_NAME = "$(TARGET_NAME)";
				SWIFT_EMIT_LOC_STRINGS = NO;
				SWIFT_VERSION = 5.0;
				TARGETED_DEVICE_FAMILY = "1,2";
				TEST_TARGET_NAME = "SwiftUi Demo";
			};
			name = Release;
		};
/* End XCBuildConfiguration section */

/* Begin XCConfigurationList section */
		FEC73D1F2BCB00C300CDA767 /* Build configuration list for PBXProject "SwiftUi Demo" */ = {
			isa = XCConfigurationList;
			buildConfigurations = (
				FEC73D462BCB00CC00CDA767 /* Debug */,
				FEC73D472BCB00CC00CDA767 /* Release */,
			);
			defaultConfigurationIsVisible = 0;
			defaultConfigurationName = Release;
		};
		FEC73D482BCB00CC00CDA767 /* Build configuration list for PBXNativeTarget "SwiftUi Demo" */ = {
			isa = XCConfigurationList;
			buildConfigurations = (
				FEC73D492BCB00CC00CDA767 /* Debug */,
				FEC73D4A2BCB00CC00CDA767 /* Release */,
			);
			defaultConfigurationIsVisible = 0;
			defaultConfigurationName = Release;
		};
		FEC73D4B2BCB00CC00CDA767 /* Build configuration list for PBXNativeTarget "SwiftUi DemoTests" */ = {
			isa = XCConfigurationList;
			buildConfigurations = (
				FEC73D4C2BCB00CC00CDA767 /* Debug */,
				FEC73D4D2BCB00CC00CDA767 /* Release */,
			);
			defaultConfigurationIsVisible = 0;
			defaultConfigurationName = Release;
		};
		FEC73D4E2BCB00CC00CDA767 /* Build configuration list for PBXNativeTarget "SwiftUi DemoUITests" */ = {
			isa = XCConfigurationList;
			buildConfigurations = (
				FEC73D4F2BCB00CC00CDA767 /* Debug */,
				FEC73D502BCB00CC00CDA767 /* Release */,
			);
			defaultConfigurationIsVisible = 0;
			defaultConfigurationName = Release;
		};
/* End XCConfigurationList section */
	};
	rootObject = FEC73D1C2BCB00C300CDA767 /* Project object */;
}
